PODS:
  - Kiwi (3.0.0)
  - TypedJSON (1.1.1)
  - TypedJSON/Tests (1.1.1):
    - Kiwi

DEPENDENCIES:
  - Kiwi
  - TypedJSON (from `../`)
  - TypedJSON/Tests (from `../`)

SPEC REPOS:
  https://github.com/cocoapods/specs.git:
    - Kiwi

EXTERNAL SOURCES:
  TypedJSON:
    :path: "../"

SPEC CHECKSUMS:
  Kiwi: fbeafef0f00e4d8f7dcb3420a4930afe70af77f7
  TypedJSON: b4a4f7eb3b94f8347941ebfb3c3970ec4df8b2a7

PODFILE CHECKSUM: 8ada7da65c237951b9083428382227dd9946eac1

COCOAPODS: 1.6.1
